
Microsoft Visual Studio Solution File, Format Version 12.00
# Visual Studio Version 17
VisualStudioVersion = 17.6.33829.357
MinimumVisualStudioVersion = 10.0.40219.1
Project("{FAE04EC0-301F-11D3-BF4B-00C04F79EFBC}") = "TodoWebApi", "TodoWebApi\TodoWebApi.csproj", "{CF8D42F2-44B7-45A9-ABD6-D342DD16E869}"
EndProject
Global
	GlobalSection(SolutionConfigurationPlatforms) = preSolution
		Debug|Any CPU = Debug|Any CPU
		Release|Any CPU = Release|Any CPU
	EndGlobalSection
	GlobalSection(ProjectConfigurationPlatforms) = postSolution
		{CF8D42F2-44B7-45A9-ABD6-D342DD16E869}.Debug|Any CPU.ActiveCfg = Debug|Any CPU
		{CF8D42F2-44B7-45A9-ABD6-D342DD16E869}.Debug|Any CPU.Build.0 = Debug|Any CPU
		{CF8D42F2-44B7-45A9-ABD6-D342DD16E869}.Release|Any CPU.ActiveCfg = Release|Any CPU
		{CF8D42F2-44B7-45A9-ABD6-D342DD16E869}.Release|Any CPU.Build.0 = Release|Any CPU
	EndGlobalSection
	GlobalSection(SolutionProperties) = preSolution
		HideSolutionNode = FALSE
	EndGlobalSection
	GlobalSection(ExtensibilityGlobals) = postSolution
		SolutionGuid = {A6314229-B002-44CD-9DB2-FED2ECC5E89D}
	EndGlobalSection
EndGlobal
